
Microsoft Visual Studio Solution File, Format Version 12.00
# Visual Studio Version 17
VisualStudioVersion = 17.1.32319.34
MinimumVisualStudioVersion = 10.0.40219.1
Project("{FAE04EC0-301F-11D3-BF4B-00C04F79EFBC}") = "id", "id.csproj", "{CBB7DA2E-2DC8-4BD1-913A-189617DC541F}"
EndProject
Global
	GlobalSection(SolutionConfigurationPlatforms) = preSolution
		Debug|Any CPU = Debug|Any CPU
		Release|Any CPU = Release|Any CPU
	EndGlobalSection
	GlobalSection(ProjectConfigurationPlatforms) = postSolution
		{CBB7DA2E-2DC8-4BD1-913A-189617DC541F}.Debug|Any CPU.ActiveCfg = Debug|Any CPU
		{CBB7DA2E-2DC8-4BD1-913A-189617DC541F}.Debug|Any CPU.Build.0 = Debug|Any CPU
		{CBB7DA2E-2DC8-4BD1-913A-189617DC541F}.Release|Any CPU.ActiveCfg = Release|Any CPU
		{CBB7DA2E-2DC8-4BD1-913A-189617DC541F}.Release|Any CPU.Build.0 = Release|Any CPU
	EndGlobalSection
	GlobalSection(SolutionProperties) = preSolution
		HideSolutionNode = FALSE
	EndGlobalSection
	GlobalSection(ExtensibilityGlobals) = postSolution
		SolutionGuid = {1370326F-FEC9-4924-A543-2ADC622E5001}
	EndGlobalSection
EndGlobal
